
Microsoft Visual Studio Solution File, Format Version 11.00
# Visual C++ Express 2010
Project("{8BC9CEB8-8B4A-11D0-8D11-00A0C91BC942}") = "Simulation", "Simulation.vcxproj", "{BC36472F-A012-49DD-88AE-8569EA88D8F2}"
EndProject
Global
	GlobalSection(SolutionConfigurationPlatforms) = preSolution
		Debug|Win32 = Debug|Win32
		Release|Win32 = Release|Win32
	EndGlobalSection
	GlobalSection(ProjectConfigurationPlatforms) = postSolution
		{BC36472F-A012-49DD-88AE-8569EA88D8F2}.Debug|Win32.ActiveCfg = Debug|Win32
		{BC36472F-A012-49DD-88AE-8569EA88D8F2}.Debug|Win32.Build.0 = Debug|Win32
		{BC36472F-A012-49DD-88AE-8569EA88D8F2}.Release|Win32.ActiveCfg = Release|Win32
		{BC36472F-A012-49DD-88AE-8569EA88D8F2}.Release|Win32.Build.0 = Release|Win32
	EndGlobalSection
	GlobalSection(SolutionProperties) = preSolution
		HideSolutionNode = FALSE
	EndGlobalSection
EndGlobal
